
Microsoft Visual Studio Solution File, Format Version 12.00
# Visual Studio Version 17
VisualStudioVersion = 17.13.35931.197 d17.13
MinimumVisualStudioVersion = 10.0.40219.1
Project("{FAE04EC0-301F-11D3-BF4B-00C04F79EFBC}") = "WebApp01", "WebApp01\WebApp01.csproj", "{CF885489-3D26-4A77-91D3-F3FA979734E6}"
EndProject
Project("{FAE04EC0-301F-11D3-BF4B-00C04F79EFBC}") = "MyPortfolioWebApp", "MyPortfolioWebApp\MyPortfolioWebApp.csproj", "{2E1CE63D-CE3E-411C-B511-B1141D42B541}"
EndProject
Global
	GlobalSection(SolutionConfigurationPlatforms) = preSolution
		Debug|Any CPU = Debug|Any CPU
		Release|Any CPU = Release|Any CPU
	EndGlobalSection
	GlobalSection(ProjectConfigurationPlatforms) = postSolution
		{CF885489-3D26-4A77-91D3-F3FA979734E6}.Debug|Any CPU.ActiveCfg = Debug|Any CPU
		{CF885489-3D26-4A77-91D3-F3FA979734E6}.Debug|Any CPU.Build.0 = Debug|Any CPU
		{CF885489-3D26-4A77-91D3-F3FA979734E6}.Release|Any CPU.ActiveCfg = Release|Any CPU
		{CF885489-3D26-4A77-91D3-F3FA979734E6}.Release|Any CPU.Build.0 = Release|Any CPU
		{2E1CE63D-CE3E-411C-B511-B1141D42B541}.Debug|Any CPU.ActiveCfg = Debug|Any CPU
		{2E1CE63D-CE3E-411C-B511-B1141D42B541}.Debug|Any CPU.Build.0 = Debug|Any CPU
		{2E1CE63D-CE3E-411C-B511-B1141D42B541}.Release|Any CPU.ActiveCfg = Release|Any CPU
		{2E1CE63D-CE3E-411C-B511-B1141D42B541}.Release|Any CPU.Build.0 = Release|Any CPU
	EndGlobalSection
	GlobalSection(SolutionProperties) = preSolution
		HideSolutionNode = FALSE
	EndGlobalSection
	GlobalSection(ExtensibilityGlobals) = postSolution
		SolutionGuid = {74A9B660-ACD2-485C-A061-EB5621F49039}
	EndGlobalSection
EndGlobal
